
Microsoft Visual Studio Solution File, Format Version 12.00
# Visual Studio Version 16
VisualStudioVersion = 16.0.32126.315
MinimumVisualStudioVersion = 10.0.40219.1
Project("{8BC9CEB8-8B4A-11D0-8D11-00A0C91BC942}") = "OOJ 2D Game", "OOJ 2D Game\OOJ 2D Game.vcxproj", "{79F63A7A-B63C-4C90-98CD-A0DB8899CFE4}"
EndProject
Global
	GlobalSection(SolutionConfigurationPlatforms) = preSolution
		Debug|x64 = Debug|x64
		Debug|x86 = Debug|x86
		Release|x64 = Release|x64
		Release|x86 = Release|x86
	EndGlobalSection
	GlobalSection(ProjectConfigurationPlatforms) = postSolution
		{79F63A7A-B63C-4C90-98CD-A0DB8899CFE4}.Debug|x64.ActiveCfg = Debug|x64
		{79F63A7A-B63C-4C90-98CD-A0DB8899CFE4}.Debug|x64.Build.0 = Debug|x64
		{79F63A7A-B63C-4C90-98CD-A0DB8899CFE4}.Debug|x86.ActiveCfg = Debug|Win32
		{79F63A7A-B63C-4C90-98CD-A0DB8899CFE4}.Debug|x86.Build.0 = Debug|Win32
		{79F63A7A-B63C-4C90-98CD-A0DB8899CFE4}.Release|x64.ActiveCfg = Release|x64
		{79F63A7A-B63C-4C90-98CD-A0DB8899CFE4}.Release|x64.Build.0 = Release|x64
		{79F63A7A-B63C-4C90-98CD-A0DB8899CFE4}.Release|x86.ActiveCfg = Release|Win32
		{79F63A7A-B63C-4C90-98CD-A0DB8899CFE4}.Release|x86.Build.0 = Release|Win32
	EndGlobalSection
	GlobalSection(SolutionProperties) = preSolution
		HideSolutionNode = FALSE
	EndGlobalSection
	GlobalSection(ExtensibilityGlobals) = postSolution
		SolutionGuid = {9BED91B4-6519-4908-A8BE-6E9F109E38DB}
	EndGlobalSection
EndGlobal
